# This file was autogenerated by Stack.
# You should not edit this file by hand.
# For more information, please see the documentation at:
#   https://docs.haskellstack.org/en/stable/lock_files

packages:
- completed:
    hackage: z3-408.2@sha256:1f8b6ccbcc6d06a6701900a09fcfcbaf86ed8a8495615710bef4da5cdb073a3f,4226
    pantry-tree:
      sha256: e8562391054f4e07035ab25e1c7ecfba687a46e15aefee4c588b6434dc0b93d8
      size: 1476
  original:
    hackage: z3-408.2
- completed:
    hackage: ansi-wl-pprint-0.6.9@sha256:fb737bc96e2aef34ad595d54ced7a73f648c521ebcb00fe0679aff45ccd49212,2448
    pantry-tree:
      sha256: ebb02b32915c04146b193949c3c48d9e8200c152f38947e8d23ca25b0997e188
      size: 472
  original:
    hackage: ansi-wl-pprint-0.6.9
snapshots:
- completed:
    sha256: 8e7996960d864443a66eb4105338bbdd6830377b9f6f99cd5527ef73c10c01e7
    size: 719128
    url: https://raw.githubusercontent.com/commercialhaskell/stackage-snapshots/master/lts/22/26.yaml
  original: lts-22.26
